
Microsoft Visual Studio Solution File, Format Version 11.00
# Visual Studio 2010
Project("{FAE04EC0-301F-11D3-BF4B-00C04F79EFBC}") = "LazyLoad", "LazyLoad\LazyLoad.csproj", "{A7BD1DA1-CAFF-41BE-BAE8-63E5947D6E8C}"
EndProject
Project("{F088123C-0E9E-452A-89E6-6BA2F21D5CAC}") = "ModelingProject1", "ModelingProject1\ModelingProject1.modelproj", "{82AF5AA4-036A-47FB-93B5-4435B56531D6}"
EndProject
Global
	GlobalSection(SolutionConfigurationPlatforms) = preSolution
		Debug|Any CPU = Debug|Any CPU
		Release|Any CPU = Release|Any CPU
	EndGlobalSection
	GlobalSection(ProjectConfigurationPlatforms) = postSolution
		{A7BD1DA1-CAFF-41BE-BAE8-63E5947D6E8C}.Debug|Any CPU.ActiveCfg = Debug|Any CPU
		{A7BD1DA1-CAFF-41BE-BAE8-63E5947D6E8C}.Debug|Any CPU.Build.0 = Debug|Any CPU
		{A7BD1DA1-CAFF-41BE-BAE8-63E5947D6E8C}.Release|Any CPU.ActiveCfg = Release|Any CPU
		{A7BD1DA1-CAFF-41BE-BAE8-63E5947D6E8C}.Release|Any CPU.Build.0 = Release|Any CPU
		{82AF5AA4-036A-47FB-93B5-4435B56531D6}.Debug|Any CPU.ActiveCfg = Debug|Any CPU
		{82AF5AA4-036A-47FB-93B5-4435B56531D6}.Debug|Any CPU.Build.0 = Debug|Any CPU
		{82AF5AA4-036A-47FB-93B5-4435B56531D6}.Release|Any CPU.ActiveCfg = Release|Any CPU
		{82AF5AA4-036A-47FB-93B5-4435B56531D6}.Release|Any CPU.Build.0 = Release|Any CPU
	EndGlobalSection
	GlobalSection(SolutionProperties) = preSolution
		HideSolutionNode = FALSE
	EndGlobalSection
EndGlobal
